// !$*UTF8*$!
{
	archiveVersion = 1;
	classes = {
	};
	objectVersion = 51;
	objects = {

/* Begin PBXBuildFile section */
		A10A492F269CF2A60017DB2C /* AppDelegate.m in Sources */ = {isa = PBXBuildFile; fileRef = A10A492E269CF2A60017DB2C /* AppDelegate.m */; };
		A10A4932269CF2A60017DB2C /* SceneDelegate.m in Sources */ = {isa = PBXBuildFile; fileRef = A10A4931269CF2A60017DB2C /* SceneDelegate.m */; };
		A10A4938269CF2A60017DB2C /* Main.storyboard in Resources */ = {isa = PBXBuildFile; fileRef = A10A4936269CF2A60017DB2C /* Main.storyboard */; };
		A10A493A269CF2A70017DB2C /* Assets.xcassets in Resources */ = {isa = PBXBuildFile; fileRef = A10A4939269CF2A70017DB2C /* Assets.xcassets */; };
		A10A493D269CF2A70017DB2C /* LaunchScreen.storyboard in Resources */ = {isa = PBXBuildFile; fileRef = A10A493B269CF2A70017DB2C /* LaunchScreen.storyboard */; };
		A10A4940269CF2A70017DB2C /* main.m in Sources */ = {isa = PBXBuildFile; fileRef = A10A493F269CF2A70017DB2C /* main.m */; };
		A19D8868269CFA8400F181F1 /* LoginViewController.m in Sources */ = {isa = PBXBuildFile; fileRef = A19D8867269CFA8400F181F1 /* LoginViewController.m */; };
		A19D886B269D00FA00F181F1 /* HomeViewController.m in Sources */ = {isa = PBXBuildFile; fileRef = A19D886A269D00FA00F181F1 /* HomeViewController.m */; };
		A19D886E269D028400F181F1 /* ClassAPIManager.m in Sources */ = {isa = PBXBuildFile; fileRef = A19D886D269D028400F181F1 /* ClassAPIManager.m */; };
		A19D8877269D086000F181F1 /* ClassCell.m in Sources */ = {isa = PBXBuildFile; fileRef = A19D8876269D086000F181F1 /* ClassCell.m */; };
		A19D887D269D0A1200F181F1 /* ClassModel.m in Sources */ = {isa = PBXBuildFile; fileRef = A19D887C269D0A1200F181F1 /* ClassModel.m */; };
		FCD1B68A57E4B30DA538662E /* Pods_Rate_My_Class.framework in Frameworks */ = {isa = PBXBuildFile; fileRef = AC31B60569A0FA2B310A6759 /* Pods_Rate_My_Class.framework */; };
/* End PBXBuildFile section */

/* Begin PBXFileReference section */
		3A200FE3CD2805425FC69C95 /* Pods-Rate My Class.release.xcconfig */ = {isa = PBXFileReference; includeInIndex = 1; lastKnownFileType = text.xcconfig; name = "Pods-Rate My Class.release.xcconfig"; path = "Target Support Files/Pods-Rate My Class/Pods-Rate My Class.release.xcconfig"; sourceTree = "<group>"; };
		A10A492A269CF2A60017DB2C /* Rate My Class.app */ = {isa = PBXFileReference; explicitFileType = wrapper.application; includeInIndex = 0; path = "Rate My Class.app"; sourceTree = BUILT_PRODUCTS_DIR; };
		A10A492D269CF2A60017DB2C /* AppDelegate.h */ = {isa = PBXFileReference; lastKnownFileType = sourcecode.c.h; path = AppDelegate.h; sourceTree = "<group>"; };
		A10A492E269CF2A60017DB2C /* AppDelegate.m */ = {isa = PBXFileReference; lastKnownFileType = sourcecode.c.objc; path = AppDelegate.m; sourceTree = "<group>"; };
		A10A4930269CF2A60017DB2C /* SceneDelegate.h */ = {isa = PBXFileReference; lastKnownFileType = sourcecode.c.h; path = SceneDelegate.h; sourceTree = "<group>"; };
		A10A4931269CF2A60017DB2C /* SceneDelegate.m */ = {isa = PBXFileReference; lastKnownFileType = sourcecode.c.objc; path = SceneDelegate.m; sourceTree = "<group>"; };
		A10A4937269CF2A60017DB2C /* Base */ = {isa = PBXFileReference; lastKnownFileType = file.storyboard; name = Base; path = Base.lproj/Main.storyboard; sourceTree = "<group>"; };
		A10A4939269CF2A70017DB2C /* Assets.xcassets */ = {isa = PBXFileReference; lastKnownFileType = folder.assetcatalog; path = Assets.xcassets; sourceTree = "<group>"; };
		A10A493C269CF2A70017DB2C /* Base */ = {isa = PBXFileReference; lastKnownFileType = file.storyboard; name = Base; path = Base.lproj/LaunchScreen.storyboard; sourceTree = "<group>"; };
		A10A493E269CF2A70017DB2C /* Info.plist */ = {isa = PBXFileReference; lastKnownFileType = text.plist.xml; path = Info.plist; sourceTree = "<group>"; };
		A10A493F269CF2A70017DB2C /* main.m */ = {isa = PBXFileReference; lastKnownFileType = sourcecode.c.objc; path = main.m; sourceTree = "<group>"; };
		A19D8866269CFA8400F181F1 /* LoginViewController.h */ = {isa = PBXFileReference; lastKnownFileType = sourcecode.c.h; path = LoginViewController.h; sourceTree = "<group>"; };
		A19D8867269CFA8400F181F1 /* LoginViewController.m */ = {isa = PBXFileReference; lastKnownFileType = sourcecode.c.objc; path = LoginViewController.m; sourceTree = "<group>"; };
		A19D8869269D00FA00F181F1 /* HomeViewController.h */ = {isa = PBXFileReference; lastKnownFileType = sourcecode.c.h; path = HomeViewController.h; sourceTree = "<group>"; };
		A19D886A269D00FA00F181F1 /* HomeViewController.m */ = {isa = PBXFileReference; lastKnownFileType = sourcecode.c.objc; path = HomeViewController.m; sourceTree = "<group>"; };
		A19D886C269D028400F181F1 /* ClassAPIManager.h */ = {isa = PBXFileReference; lastKnownFileType = sourcecode.c.h; path = ClassAPIManager.h; sourceTree = "<group>"; };
		A19D886D269D028400F181F1 /* ClassAPIManager.m */ = {isa = PBXFileReference; lastKnownFileType = sourcecode.c.objc; path = ClassAPIManager.m; sourceTree = "<group>"; };
		A19D8875269D086000F181F1 /* ClassCell.h */ = {isa = PBXFileReference; lastKnownFileType = sourcecode.c.h; path = ClassCell.h; sourceTree = "<group>"; };
		A19D8876269D086000F181F1 /* ClassCell.m */ = {isa = PBXFileReference; lastKnownFileType = sourcecode.c.objc; path = ClassCell.m; sourceTree = "<group>"; };
		A19D887B269D0A1200F181F1 /* ClassModel.h */ = {isa = PBXFileReference; lastKnownFileType = sourcecode.c.h; path = ClassModel.h; sourceTree = "<group>"; };
		A19D887C269D0A1200F181F1 /* ClassModel.m */ = {isa = PBXFileReference; lastKnownFileType = sourcecode.c.objc; path = ClassModel.m; sourceTree = "<group>"; };
		AC31B60569A0FA2B310A6759 /* Pods_Rate_My_Class.framework */ = {isa = PBXFileReference; explicitFileType = wrapper.framework; includeInIndex = 0; path = Pods_Rate_My_Class.framework; sourceTree = BUILT_PRODUCTS_DIR; };
		FCC875CB21DF3376DB9CCED9 /* Pods-Rate My Class.debug.xcconfig */ = {isa = PBXFileReference; includeInIndex = 1; lastKnownFileType = text.xcconfig; name = "Pods-Rate My Class.debug.xcconfig"; path = "Target Support Files/Pods-Rate My Class/Pods-Rate My Class.debug.xcconfig"; sourceTree = "<group>"; };
/* End PBXFileReference section */

/* Begin PBXFrameworksBuildPhase section */
		A10A4927269CF2A60017DB2C /* Frameworks */ = {
			isa = PBXFrameworksBuildPhase;
			buildActionMask = 2147483647;
			files = (
				FCD1B68A57E4B30DA538662E /* Pods_Rate_My_Class.framework in Frameworks */,
			);
			runOnlyForDeploymentPostprocessing = 0;
		};
/* End PBXFrameworksBuildPhase section */

/* Begin PBXGroup section */
		4B609C6C120AE3916F58B9CD /* Frameworks */ = {
			isa = PBXGroup;
			children = (
				AC31B60569A0FA2B310A6759 /* Pods_Rate_My_Class.framework */,
			);
			name = Frameworks;
			sourceTree = "<group>";
		};
		A10A4921269CF2A60017DB2C = {
			isa = PBXGroup;
			children = (
				A10A492C269CF2A60017DB2C /* Rate My Class */,
				A10A492B269CF2A60017DB2C /* Products */,
				B62F3BB4B2987E378E49E5BE /* Pods */,
				4B609C6C120AE3916F58B9CD /* Frameworks */,
			);
			sourceTree = "<group>";
		};
		A10A492B269CF2A60017DB2C /* Products */ = {
			isa = PBXGroup;
			children = (
				A10A492A269CF2A60017DB2C /* Rate My Class.app */,
			);
			name = Products;
			sourceTree = "<group>";
		};
		A10A492C269CF2A60017DB2C /* Rate My Class */ = {
			isa = PBXGroup;
			children = (
				A19D8871269D07DF00F181F1 /* Models */,
				A19D8870269D07D400F181F1 /* Views */,
				A19D886F269D028A00F181F1 /* API */,
				A19D8865269CFA6200F181F1 /* View Controllers */,
				A10A492D269CF2A60017DB2C /* AppDelegate.h */,
				A10A492E269CF2A60017DB2C /* AppDelegate.m */,
				A10A4930269CF2A60017DB2C /* SceneDelegate.h */,
				A10A4931269CF2A60017DB2C /* SceneDelegate.m */,
				A10A4936269CF2A60017DB2C /* Main.storyboard */,
				A10A4939269CF2A70017DB2C /* Assets.xcassets */,
				A10A493B269CF2A70017DB2C /* LaunchScreen.storyboard */,
				A10A493E269CF2A70017DB2C /* Info.plist */,
				A10A493F269CF2A70017DB2C /* main.m */,
			);
			path = "Rate My Class";
			sourceTree = "<group>";
		};
		A19D8865269CFA6200F181F1 /* View Controllers */ = {
			isa = PBXGroup;
			children = (
				A19D8866269CFA8400F181F1 /* LoginViewController.h */,
				A19D8867269CFA8400F181F1 /* LoginViewController.m */,
				A19D8869269D00FA00F181F1 /* HomeViewController.h */,
				A19D886A269D00FA00F181F1 /* HomeViewController.m */,
			);
			path = "View Controllers";
			sourceTree = "<group>";
		};
		A19D886F269D028A00F181F1 /* API */ = {
			isa = PBXGroup;
			children = (
				A19D886C269D028400F181F1 /* ClassAPIManager.h */,
				A19D886D269D028400F181F1 /* ClassAPIManager.m */,
			);
			path = API;
			sourceTree = "<group>";
		};
		A19D8870269D07D400F181F1 /* Views */ = {
			isa = PBXGroup;
			children = (
				A19D8875269D086000F181F1 /* ClassCell.h */,
				A19D8876269D086000F181F1 /* ClassCell.m */,
			);
			path = Views;
			sourceTree = "<group>";
		};
		A19D8871269D07DF00F181F1 /* Models */ = {
			isa = PBXGroup;
			children = (
				A19D887B269D0A1200F181F1 /* ClassModel.h */,
				A19D887C269D0A1200F181F1 /* ClassModel.m */,
			);
			path = Models;
			sourceTree = "<group>";
		};
		B62F3BB4B2987E378E49E5BE /* Pods */ = {
			isa = PBXGroup;
			children = (
				FCC875CB21DF3376DB9CCED9 /* Pods-Rate My Class.debug.xcconfig */,
				3A200FE3CD2805425FC69C95 /* Pods-Rate My Class.release.xcconfig */,
			);
			path = Pods;
			sourceTree = "<group>";
		};
/* End PBXGroup section */

/* Begin PBXNativeTarget section */
		A10A4929269CF2A60017DB2C /* Rate My Class */ = {
			isa = PBXNativeTarget;
			buildConfigurationList = A10A4943269CF2A70017DB2C /* Build configuration list for PBXNativeTarget "Rate My Class" */;
			buildPhases = (
				F383DA382C25D1D6601EE2CB /* [CP] Check Pods Manifest.lock */,
				A10A4926269CF2A60017DB2C /* Sources */,
				A10A4927269CF2A60017DB2C /* Frameworks */,
				A10A4928269CF2A60017DB2C /* Resources */,
				DD79A4FA4D0AED4989B7CB69 /* [CP] Embed Pods Frameworks */,
			);
			buildRules = (
			);
			dependencies = (
			);
			name = "Rate My Class";
			productName = "Rate My Class";
			productReference = A10A492A269CF2A60017DB2C /* Rate My Class.app */;
			productType = "com.apple.product-type.application";
		};
/* End PBXNativeTarget section */

/* Begin PBXProject section */
		A10A4922269CF2A60017DB2C /* Project object */ = {
			isa = PBXProject;
			attributes = {
				LastUpgradeCheck = 1250;
				TargetAttributes = {
					A10A4929269CF2A60017DB2C = {
						CreatedOnToolsVersion = 12.5.1;
						LastSwiftMigration = 1250;
					};
				};
			};
			buildConfigurationList = A10A4925269CF2A60017DB2C /* Build configuration list for PBXProject "Rate My Class" */;
			compatibilityVersion = "Xcode 9.3";
			developmentRegion = en;
			hasScannedForEncodings = 0;
			knownRegions = (
				en,
				Base,
			);
			mainGroup = A10A4921269CF2A60017DB2C;
			productRefGroup = A10A492B269CF2A60017DB2C /* Products */;
			projectDirPath = "";
			projectRoot = "";
			targets = (
				A10A4929269CF2A60017DB2C /* Rate My Class */,
			);
		};
/* End PBXProject section */

/* Begin PBXResourcesBuildPhase section */
		A10A4928269CF2A60017DB2C /* Resources */ = {
			isa = PBXResourcesBuildPhase;
			buildActionMask = 2147483647;
			files = (
				A10A493D269CF2A70017DB2C /* LaunchScreen.storyboard in Resources */,
				A10A493A269CF2A70017DB2C /* Assets.xcassets in Resources */,
				A10A4938269CF2A60017DB2C /* Main.storyboard in Resources */,
			);
			runOnlyForDeploymentPostprocessing = 0;
		};
/* End PBXResourcesBuildPhase section */

/* Begin PBXShellScriptBuildPhase section */
		DD79A4FA4D0AED4989B7CB69 /* [CP] Embed Pods Frameworks */ = {
			isa = PBXShellScriptBuildPhase;
			buildActionMask = 2147483647;
			files = (
			);
			inputFileListPaths = (
				"${PODS_ROOT}/Target Support Files/Pods-Rate My Class/Pods-Rate My Class-frameworks-${CONFIGURATION}-input-files.xcfilelist",
			);
			name = "[CP] Embed Pods Frameworks";
			outputFileListPaths = (
				"${PODS_ROOT}/Target Support Files/Pods-Rate My Class/Pods-Rate My Class-frameworks-${CONFIGURATION}-output-files.xcfilelist",
			);
			runOnlyForDeploymentPostprocessing = 0;
			shellPath = /bin/sh;
			shellScript = "\"${PODS_ROOT}/Target Support Files/Pods-Rate My Class/Pods-Rate My Class-frameworks.sh\"\n";
			showEnvVarsInLog = 0;
		};
		F383DA382C25D1D6601EE2CB /* [CP] Check Pods Manifest.lock */ = {
			isa = PBXShellScriptBuildPhase;
			buildActionMask = 2147483647;
			files = (
			);
			inputFileListPaths = (
			);
			inputPaths = (
				"${PODS_PODFILE_DIR_PATH}/Podfile.lock",
				"${PODS_ROOT}/Manifest.lock",
			);
			name = "[CP] Check Pods Manifest.lock";
			outputFileListPaths = (
			);
			outputPaths = (
				"$(DERIVED_FILE_DIR)/Pods-Rate My Class-checkManifestLockResult.txt",
			);
			runOnlyForDeploymentPostprocessing = 0;
			shellPath = /bin/sh;
			shellScript = "diff \"${PODS_PODFILE_DIR_PATH}/Podfile.lock\" \"${PODS_ROOT}/Manifest.lock\" > /dev/null\nif [ $? != 0 ] ; then\n    # print error to STDERR\n    echo \"error: The sandbox is not in sync with the Podfile.lock. Run 'pod install' or update your CocoaPods installation.\" >&2\n    exit 1\nfi\n# This output is used by Xcode 'outputs' to avoid re-running this script phase.\necho \"SUCCESS\" > \"${SCRIPT_OUTPUT_FILE_0}\"\n";
			showEnvVarsInLog = 0;
		};
/* End PBXShellScriptBuildPhase section */

/* Begin PBXSourcesBuildPhase section */
		A10A4926269CF2A60017DB2C /* Sources */ = {
			isa = PBXSourcesBuildPhase;
			buildActionMask = 2147483647;
			files = (
				A19D8868269CFA8400F181F1 /* LoginViewController.m in Sources */,
				A10A492F269CF2A60017DB2C /* AppDelegate.m in Sources */,
				A10A4940269CF2A70017DB2C /* main.m in Sources */,
				A19D886B269D00FA00F181F1 /* HomeViewController.m in Sources */,
				A10A4932269CF2A60017DB2C /* SceneDelegate.m in Sources */,
				A19D8877269D086000F181F1 /* ClassCell.m in Sources */,
				A19D887D269D0A1200F181F1 /* ClassModel.m in Sources */,
				A19D886E269D028400F181F1 /* ClassAPIManager.m in Sources */,
			);
			runOnlyForDeploymentPostprocessing = 0;
		};
/* End PBXSourcesBuildPhase section */

/* Begin PBXVariantGroup section */
		A10A4936269CF2A60017DB2C /* Main.storyboard */ = {
			isa = PBXVariantGroup;
			children = (
				A10A4937269CF2A60017DB2C /* Base */,
			);
			name = Main.storyboard;
			sourceTree = "<group>";
		};
		A10A493B269CF2A70017DB2C /* LaunchScreen.storyboard */ = {
			isa = PBXVariantGroup;
			children = (
				A10A493C269CF2A70017DB2C /* Base */,
			);
			name = LaunchScreen.storyboard;
			sourceTree = "<group>";
		};
/* End PBXVariantGroup section */

/* Begin XCBuildConfiguration section */
		A10A4941269CF2A70017DB2C /* Debug */ = {
			isa = XCBuildConfiguration;
			buildSettings = {
				ALWAYS_SEARCH_USER_PATHS = NO;
				CLANG_ANALYZER_NONNULL = YES;
				CLANG_ANALYZER_NUMBER_OBJECT_CONVERSION = YES_AGGRESSIVE;
				CLANG_CXX_LANGUAGE_STANDARD = "gnu++14";
				CLANG_CXX_LIBRARY = "libc++";
				CLANG_ENABLE_MODULES = YES;
				CLANG_ENABLE_OBJC_ARC = YES;
				CLANG_ENABLE_OBJC_WEAK = YES;
				CLANG_WARN_BLOCK_CAPTURE_AUTORELEASING = YES;
				CLANG_WARN_BOOL_CONVERSION = YES;
				CLANG_WARN_COMMA = YES;
				CLANG_WARN_CONSTANT_CONVERSION = YES;
				CLANG_WARN_DEPRECATED_OBJC_IMPLEMENTATIONS = YES;
				CLANG_WARN_DIRECT_OBJC_ISA_USAGE = YES_ERROR;
				CLANG_WARN_DOCUMENTATION_COMMENTS = YES;
				CLANG_WARN_EMPTY_BODY = YES;
				CLANG_WARN_ENUM_CONVERSION = YES;
				CLANG_WARN_INFINITE_RECURSION = YES;
				CLANG_WARN_INT_CONVERSION = YES;
				CLANG_WARN_NON_LITERAL_NULL_CONVERSION = YES;
				CLANG_WARN_OBJC_IMPLICIT_RETAIN_SELF = YES;
				CLANG_WARN_OBJC_LITERAL_CONVERSION = YES;
				CLANG_WARN_OBJC_ROOT_CLASS = YES_ERROR;
				CLANG_WARN_QUOTED_INCLUDE_IN_FRAMEWORK_HEADER = YES;
				CLANG_WARN_RANGE_LOOP_ANALYSIS = YES;
				CLANG_WARN_STRICT_PROTOTYPES = YES;
				CLANG_WARN_SUSPICIOUS_MOVE = YES;
				CLANG_WARN_UNGUARDED_AVAILABILITY = YES_AGGRESSIVE;
				CLANG_WARN_UNREACHABLE_CODE = YES;
				CLANG_WARN__DUPLICATE_METHOD_MATCH = YES;
				COPY_PHASE_STRIP = NO;
				DEBUG_INFORMATION_FORMAT = dwarf;
				ENABLE_STRICT_OBJC_MSGSEND = YES;
				ENABLE_TESTABILITY = YES;
				GCC_C_LANGUAGE_STANDARD = gnu11;
				GCC_DYNAMIC_NO_PIC = NO;
				GCC_NO_COMMON_BLOCKS = YES;
				GCC_OPTIMIZATION_LEVEL = 0;
				GCC_PREPROCESSOR_DEFINITIONS = (
					"DEBUG=1",
					"$(inherited)",
				);
				GCC_WARN_64_TO_32_BIT_CONVERSION = YES;
				GCC_WARN_ABOUT_RETURN_TYPE = YES_ERROR;
				GCC_WARN_UNDECLARED_SELECTOR = YES;
				GCC_WARN_UNINITIALIZED_AUTOS = YES_AGGRESSIVE;
				GCC_WARN_UNUSED_FUNCTION = YES;
				GCC_WARN_UNUSED_VARIABLE = YES;
				IPHONEOS_DEPLOYMENT_TARGET = 14.5;
				MTL_ENABLE_DEBUG_INFO = INCLUDE_SOURCE;
				MTL_FAST_MATH = YES;
				ONLY_ACTIVE_ARCH = YES;
				SDKROOT = iphoneos;
			};
			name = Debug;
		};
		A10A4942269CF2A70017DB2C /* Release */ = {
			isa = XCBuildConfiguration;
			buildSettings = {
				ALWAYS_SEARCH_USER_PATHS = NO;
				CLANG_ANALYZER_NONNULL = YES;
				CLANG_ANALYZER_NUMBER_OBJECT_CONVERSION = YES_AGGRESSIVE;
				CLANG_CXX_LANGUAGE_STANDARD = "gnu++14";
				CLANG_CXX_LIBRARY = "libc++";
				CLANG_ENABLE_MODULES = YES;
				CLANG_ENABLE_OBJC_ARC = YES;
				CLANG_ENABLE_OBJC_WEAK = YES;
				CLANG_WARN_BLOCK_CAPTURE_AUTORELEASING = YES;
				CLANG_WARN_BOOL_CONVERSION = YES;
				CLANG_WARN_COMMA = YES;
				CLANG_WARN_CONSTANT_CONVERSION = YES;
				CLANG_WARN_DEPRECATED_OBJC_IMPLEMENTATIONS = YES;
				CLANG_WARN_DIRECT_OBJC_ISA_USAGE = YES_ERROR;
				CLANG_WARN_DOCUMENTATION_COMMENTS = YES;
				CLANG_WARN_EMPTY_BODY = YES;
				CLANG_WARN_ENUM_CONVERSION = YES;
				CLANG_WARN_INFINITE_RECURSION = YES;
				CLANG_WARN_INT_CONVERSION = YES;
				CLANG_WARN_NON_LITERAL_NULL_CONVERSION = YES;
				CLANG_WARN_OBJC_IMPLICIT_RETAIN_SELF = YES;
				CLANG_WARN_OBJC_LITERAL_CONVERSION = YES;
				CLANG_WARN_OBJC_ROOT_CLASS = YES_ERROR;
				CLANG_WARN_QUOTED_INCLUDE_IN_FRAMEWORK_HEADER = YES;
				CLANG_WARN_RANGE_LOOP_ANALYSIS = YES;
				CLANG_WARN_STRICT_PROTOTYPES = YES;
				CLANG_WARN_SUSPICIOUS_MOVE = YES;
				CLANG_WARN_UNGUARDED_AVAILABILITY = YES_AGGRESSIVE;
				CLANG_WARN_UNREACHABLE_CODE = YES;
				CLANG_WARN__DUPLICATE_METHOD_MATCH = YES;
				COPY_PHASE_STRIP = NO;
				DEBUG_INFORMATION_FORMAT = "dwarf-with-dsym";
				ENABLE_NS_ASSERTIONS = NO;
				ENABLE_STRICT_OBJC_MSGSEND = YES;
				GCC_C_LANGUAGE_STANDARD = gnu11;
				GCC_NO_COMMON_BLOCKS = YES;
				GCC_WARN_64_TO_32_BIT_CONVERSION = YES;
				GCC_WARN_ABOUT_RETURN_TYPE = YES_ERROR;
				GCC_WARN_UNDECLARED_SELECTOR = YES;
				GCC_WARN_UNINITIALIZED_AUTOS = YES_AGGRESSIVE;
				GCC_WARN_UNUSED_FUNCTION = YES;
				GCC_WARN_UNUSED_VARIABLE = YES;
				IPHONEOS_DEPLOYMENT_TARGET = 14.5;
				MTL_ENABLE_DEBUG_INFO = NO;
				MTL_FAST_MATH = YES;
				SDKROOT = iphoneos;
				VALIDATE_PRODUCT = YES;
			};
			name = Release;
		};
		A10A4944269CF2A70017DB2C /* Debug */ = {
			isa = XCBuildConfiguration;
			baseConfigurationReference = FCC875CB21DF3376DB9CCED9 /* Pods-Rate My Class.debug.xcconfig */;
			buildSettings = {
				ASSETCATALOG_COMPILER_APPICON_NAME = AppIcon;
				ASSETCATALOG_COMPILER_GLOBAL_ACCENT_COLOR_NAME = AccentColor;
				CLANG_ENABLE_MODULES = YES;
				CODE_SIGN_STYLE = Automatic;
				DEVELOPMENT_TEAM = HX97N94K74;
				INFOPLIST_FILE = "Rate My Class/Info.plist";
				LD_RUNPATH_SEARCH_PATHS = (
					"$(inherited)",
					"@executable_path/Frameworks",
				);
				PRODUCT_BUNDLE_IDENTIFIER = "com.ileenfan.Rate-My-Class";
				PRODUCT_NAME = "$(TARGET_NAME)";
				SWIFT_OBJC_BRIDGING_HEADER = "Rate My Class/Views/Rate My Class-Bridging-Header.h";
				SWIFT_OPTIMIZATION_LEVEL = "-Onone";
				SWIFT_VERSION = 5.0;
				TARGETED_DEVICE_FAMILY = "1,2";
			};
			name = Debug;
		};
		A10A4945269CF2A70017DB2C /* Release */ = {
			isa = XCBuildConfiguration;
			baseConfigurationReference = 3A200FE3CD2805425FC69C95 /* Pods-Rate My Class.release.xcconfig */;
			buildSettings = {
				ASSETCATALOG_COMPILER_APPICON_NAME = AppIcon;
				ASSETCATALOG_COMPILER_GLOBAL_ACCENT_COLOR_NAME = AccentColor;
				CLANG_ENABLE_MODULES = YES;
				CODE_SIGN_STYLE = Automatic;
				DEVELOPMENT_TEAM = HX97N94K74;
				INFOPLIST_FILE = "Rate My Class/Info.plist";
				LD_RUNPATH_SEARCH_PATHS = (
					"$(inherited)",
					"@executable_path/Frameworks",
				);
				PRODUCT_BUNDLE_IDENTIFIER = "com.ileenfan.Rate-My-Class";
				PRODUCT_NAME = "$(TARGET_NAME)";
				SWIFT_OBJC_BRIDGING_HEADER = "Rate My Class/Views/Rate My Class-Bridging-Header.h";
				SWIFT_VERSION = 5.0;
				TARGETED_DEVICE_FAMILY = "1,2";
			};
			name = Release;
		};
/* End XCBuildConfiguration section */

/* Begin XCConfigurationList section */
		A10A4925269CF2A60017DB2C /* Build configuration list for PBXProject "Rate My Class" */ = {
			isa = XCConfigurationList;
			buildConfigurations = (
				A10A4941269CF2A70017DB2C /* Debug */,
				A10A4942269CF2A70017DB2C /* Release */,
			);
			defaultConfigurationIsVisible = 0;
			defaultConfigurationName = Release;
		};
		A10A4943269CF2A70017DB2C /* Build configuration list for PBXNativeTarget "Rate My Class" */ = {
			isa = XCConfigurationList;
			buildConfigurations = (
				A10A4944269CF2A70017DB2C /* Debug */,
				A10A4945269CF2A70017DB2C /* Release */,
			);
			defaultConfigurationIsVisible = 0;
			defaultConfigurationName = Release;
		};
/* End XCConfigurationList section */
	};
	rootObject = A10A4922269CF2A60017DB2C /* Project object */;
}
